
Microsoft Visual Studio Solution File, Format Version 12.00
# Visual Studio Version 17
VisualStudioVersion = 17.11.35327.3
MinimumVisualStudioVersion = 10.0.40219.1
Project("{FAE04EC0-301F-11D3-BF4B-00C04F79EFBC}") = "ConsoleApp6", "ConsoleApp6\ConsoleApp6.csproj", "{22A6AD8C-CC96-44B3-A1B0-BD9A8A9C97B9}"
EndProject
Global
	GlobalSection(SolutionConfigurationPlatforms) = preSolution
		Debug|Any CPU = Debug|Any CPU
		Release|Any CPU = Release|Any CPU
	EndGlobalSection
	GlobalSection(ProjectConfigurationPlatforms) = postSolution
		{22A6AD8C-CC96-44B3-A1B0-BD9A8A9C97B9}.Debug|Any CPU.ActiveCfg = Debug|Any CPU
		{22A6AD8C-CC96-44B3-A1B0-BD9A8A9C97B9}.Debug|Any CPU.Build.0 = Debug|Any CPU
		{22A6AD8C-CC96-44B3-A1B0-BD9A8A9C97B9}.Release|Any CPU.ActiveCfg = Release|Any CPU
		{22A6AD8C-CC96-44B3-A1B0-BD9A8A9C97B9}.Release|Any CPU.Build.0 = Release|Any CPU
	EndGlobalSection
	GlobalSection(SolutionProperties) = preSolution
		HideSolutionNode = FALSE
	EndGlobalSection
	GlobalSection(ExtensibilityGlobals) = postSolution
		SolutionGuid = {58033424-8C1B-4322-AC38-9EAFD1514F09}
	EndGlobalSection
EndGlobal
